
Microsoft Visual Studio Solution File, Format Version 12.00
# Visual Studio Version 18
VisualStudioVersion = 18.1.11312.151 d18.0
MinimumVisualStudioVersion = 10.0.40219.1
Project("{2150E333-8FDC-42A3-9474-1A3956D46DE8}") = "src", "src", "{02EA681E-C7D8-13C7-8484-4AC65E1B71E8}"
EndProject
Project("{2150E333-8FDC-42A3-9474-1A3956D46DE8}") = "tests", "tests", "{5EF95544-FD2E-4CB4-A979-DCD810F8ABD6}"
EndProject
Project("{FAE04EC0-301F-11D3-BF4B-00C04F79EFBC}") = "GenericDto.Core", "GenericDto.Core\GenericDto.Core.csproj", "{17C83C50-5573-4B9D-B1FC-9029A921C9AF}"
EndProject
Project("{FAE04EC0-301F-11D3-BF4B-00C04F79EFBC}") = "GenericDto.Analyzers", "GenericDto.Analyzers\GenericDto.Analyzers.csproj", "{B34BDACC-EB99-46F7-948B-341E7B75517D}"
EndProject
Project("{FAE04EC0-301F-11D3-BF4B-00C04F79EFBC}") = "GenericDto.Example", "GenericDto.Example\GenericDto.Example.csproj", "{A83907EE-A654-4C00-B742-6125FA91D53F}"
EndProject
Project("{FAE04EC0-301F-11D3-BF4B-00C04F79EFBC}") = "GenericDto.Tests", "GenericDto.Tests\GenericDto.Tests.csproj", "{F0C3B463-E7CC-405A-AD1B-4B08A0D99058}"
EndProject
Project("{2150E333-8FDC-42A3-9474-1A3956D46DE8}") = "example", "example", "{9DBEA77B-E2E5-467B-A49C-AD648C8885DB}"
EndProject
Global
	GlobalSection(SolutionConfigurationPlatforms) = preSolution
		Debug|Any CPU = Debug|Any CPU
		Debug|x64 = Debug|x64
		Debug|x86 = Debug|x86
		Release|Any CPU = Release|Any CPU
		Release|x64 = Release|x64
		Release|x86 = Release|x86
	EndGlobalSection
	GlobalSection(ProjectConfigurationPlatforms) = postSolution
		{17C83C50-5573-4B9D-B1FC-9029A921C9AF}.Debug|Any CPU.ActiveCfg = Debug|Any CPU
		{17C83C50-5573-4B9D-B1FC-9029A921C9AF}.Debug|Any CPU.Build.0 = Debug|Any CPU
		{17C83C50-5573-4B9D-B1FC-9029A921C9AF}.Debug|x64.ActiveCfg = Debug|Any CPU
		{17C83C50-5573-4B9D-B1FC-9029A921C9AF}.Debug|x64.Build.0 = Debug|Any CPU
		{17C83C50-5573-4B9D-B1FC-9029A921C9AF}.Debug|x86.ActiveCfg = Debug|Any CPU
		{17C83C50-5573-4B9D-B1FC-9029A921C9AF}.Debug|x86.Build.0 = Debug|Any CPU
		{17C83C50-5573-4B9D-B1FC-9029A921C9AF}.Release|Any CPU.ActiveCfg = Release|Any CPU
		{17C83C50-5573-4B9D-B1FC-9029A921C9AF}.Release|Any CPU.Build.0 = Release|Any CPU
		{17C83C50-5573-4B9D-B1FC-9029A921C9AF}.Release|x64.ActiveCfg = Release|Any CPU
		{17C83C50-5573-4B9D-B1FC-9029A921C9AF}.Release|x64.Build.0 = Release|Any CPU
		{17C83C50-5573-4B9D-B1FC-9029A921C9AF}.Release|x86.ActiveCfg = Release|Any CPU
		{17C83C50-5573-4B9D-B1FC-9029A921C9AF}.Release|x86.Build.0 = Release|Any CPU
		{B34BDACC-EB99-46F7-948B-341E7B75517D}.Debug|Any CPU.ActiveCfg = Debug|Any CPU
		{B34BDACC-EB99-46F7-948B-341E7B75517D}.Debug|Any CPU.Build.0 = Debug|Any CPU
		{B34BDACC-EB99-46F7-948B-341E7B75517D}.Debug|x64.ActiveCfg = Debug|Any CPU
		{B34BDACC-EB99-46F7-948B-341E7B75517D}.Debug|x64.Build.0 = Debug|Any CPU
		{B34BDACC-EB99-46F7-948B-341E7B75517D}.Debug|x86.ActiveCfg = Debug|Any CPU
		{B34BDACC-EB99-46F7-948B-341E7B75517D}.Debug|x86.Build.0 = Debug|Any CPU
		{B34BDACC-EB99-46F7-948B-341E7B75517D}.Release|Any CPU.ActiveCfg = Release|Any CPU
		{B34BDACC-EB99-46F7-948B-341E7B75517D}.Release|Any CPU.Build.0 = Release|Any CPU
		{B34BDACC-EB99-46F7-948B-341E7B75517D}.Release|x64.ActiveCfg = Release|Any CPU
		{B34BDACC-EB99-46F7-948B-341E7B75517D}.Release|x64.Build.0 = Release|Any CPU
		{B34BDACC-EB99-46F7-948B-341E7B75517D}.Release|x86.ActiveCfg = Release|Any CPU
		{B34BDACC-EB99-46F7-948B-341E7B75517D}.Release|x86.Build.0 = Release|Any CPU
		{A83907EE-A654-4C00-B742-6125FA91D53F}.Debug|Any CPU.ActiveCfg = Debug|Any CPU
		{A83907EE-A654-4C00-B742-6125FA91D53F}.Debug|Any CPU.Build.0 = Debug|Any CPU
		{A83907EE-A654-4C00-B742-6125FA91D53F}.Debug|x64.ActiveCfg = Debug|Any CPU
		{A83907EE-A654-4C00-B742-6125FA91D53F}.Debug|x64.Build.0 = Debug|Any CPU
		{A83907EE-A654-4C00-B742-6125FA91D53F}.Debug|x86.ActiveCfg = Debug|Any CPU
		{A83907EE-A654-4C00-B742-6125FA91D53F}.Debug|x86.Build.0 = Debug|Any CPU
		{A83907EE-A654-4C00-B742-6125FA91D53F}.Release|Any CPU.ActiveCfg = Release|Any CPU
		{A83907EE-A654-4C00-B742-6125FA91D53F}.Release|Any CPU.Build.0 = Release|Any CPU
		{A83907EE-A654-4C00-B742-6125FA91D53F}.Release|x64.ActiveCfg = Release|Any CPU
		{A83907EE-A654-4C00-B742-6125FA91D53F}.Release|x64.Build.0 = Release|Any CPU
		{A83907EE-A654-4C00-B742-6125FA91D53F}.Release|x86.ActiveCfg = Release|Any CPU
		{A83907EE-A654-4C00-B742-6125FA91D53F}.Release|x86.Build.0 = Release|Any CPU
		{F0C3B463-E7CC-405A-AD1B-4B08A0D99058}.Debug|Any CPU.ActiveCfg = Debug|Any CPU
		{F0C3B463-E7CC-405A-AD1B-4B08A0D99058}.Debug|Any CPU.Build.0 = Debug|Any CPU
		{F0C3B463-E7CC-405A-AD1B-4B08A0D99058}.Debug|x64.ActiveCfg = Debug|Any CPU
		{F0C3B463-E7CC-405A-AD1B-4B08A0D99058}.Debug|x64.Build.0 = Debug|Any CPU
		{F0C3B463-E7CC-405A-AD1B-4B08A0D99058}.Debug|x86.ActiveCfg = Debug|Any CPU
		{F0C3B463-E7CC-405A-AD1B-4B08A0D99058}.Debug|x86.Build.0 = Debug|Any CPU
		{F0C3B463-E7CC-405A-AD1B-4B08A0D99058}.Release|Any CPU.ActiveCfg = Release|Any CPU
		{F0C3B463-E7CC-405A-AD1B-4B08A0D99058}.Release|Any CPU.Build.0 = Release|Any CPU
		{F0C3B463-E7CC-405A-AD1B-4B08A0D99058}.Release|x64.ActiveCfg = Release|Any CPU
		{F0C3B463-E7CC-405A-AD1B-4B08A0D99058}.Release|x64.Build.0 = Release|Any CPU
		{F0C3B463-E7CC-405A-AD1B-4B08A0D99058}.Release|x86.ActiveCfg = Release|Any CPU
		{F0C3B463-E7CC-405A-AD1B-4B08A0D99058}.Release|x86.Build.0 = Release|Any CPU
	EndGlobalSection
	GlobalSection(SolutionProperties) = preSolution
		HideSolutionNode = FALSE
	EndGlobalSection
	GlobalSection(NestedProjects) = preSolution
		{17C83C50-5573-4B9D-B1FC-9029A921C9AF} = {02EA681E-C7D8-13C7-8484-4AC65E1B71E8}
		{B34BDACC-EB99-46F7-948B-341E7B75517D} = {02EA681E-C7D8-13C7-8484-4AC65E1B71E8}
		{A83907EE-A654-4C00-B742-6125FA91D53F} = {9DBEA77B-E2E5-467B-A49C-AD648C8885DB}
		{F0C3B463-E7CC-405A-AD1B-4B08A0D99058} = {5EF95544-FD2E-4CB4-A979-DCD810F8ABD6}
	EndGlobalSection
	GlobalSection(ExtensibilityGlobals) = postSolution
		SolutionGuid = {21020B1B-D7B9-499D-9BA5-D5C699DC3CD9}
	EndGlobalSection
EndGlobal
