
Microsoft Visual Studio Solution File, Format Version 12.00
# Visual Studio Version 18
VisualStudioVersion = 18.1.11312.151 d18.0
MinimumVisualStudioVersion = 10.0.40219.1
Project("{2150E333-8FDC-42A3-9474-1A3956D46DE8}") = "src", "src", "{827E0CD3-B72D-47B6-A68D-7590B98EB39B}"
EndProject
Project("{FAE04EC0-301F-11D3-BF4B-00C04F79EFBC}") = "GenericDto.Core", "src\GenericDto.Core\GenericDto.Core.csproj", "{219ED13B-0292-43E6-A6D7-4F8F709F74AA}"
EndProject
Project("{FAE04EC0-301F-11D3-BF4B-00C04F79EFBC}") = "GenericDto.Analyzers", "src\GenericDto.Analyzers\GenericDto.Analyzers.csproj", "{9CC4A0CD-6C1D-41E3-AE03-81C7C4546996}"
EndProject
Project("{2150E333-8FDC-42A3-9474-1A3956D46DE8}") = "examples", "examples", "{B36A84DF-456D-A817-6EDD-3EC3E7F6E11F}"
EndProject
Project("{FAE04EC0-301F-11D3-BF4B-00C04F79EFBC}") = "GenericDto.Example", "examples\GenericDto.Example\GenericDto.Example.csproj", "{37345102-2A3A-42E7-A063-1A715399C0F1}"
EndProject
Project("{2150E333-8FDC-42A3-9474-1A3956D46DE8}") = "tests", "tests", "{0AB3BF05-4346-4AA6-1389-037BE0695223}"
EndProject
Project("{FAE04EC0-301F-11D3-BF4B-00C04F79EFBC}") = "GenericDto.Tests", "tests\GenericDto.Tests\GenericDto.Tests.csproj", "{81419D15-26A8-44A1-BF41-E2C859929CF2}"
EndProject
Project("{2150E333-8FDC-42A3-9474-1A3956D46DE8}") = "assets", "assets", "{794C91F6-D6A3-4DA7-B43D-D26AA89E93BF}"
	ProjectSection(SolutionItems) = preProject
		..\..\..\Downloads\binarycoffee.png = ..\..\..\Downloads\binarycoffee.png
	EndProjectSection
EndProject
Global
	GlobalSection(SolutionConfigurationPlatforms) = preSolution
		Debug|Any CPU = Debug|Any CPU
		Debug|x64 = Debug|x64
		Debug|x86 = Debug|x86
		Release|Any CPU = Release|Any CPU
		Release|x64 = Release|x64
		Release|x86 = Release|x86
	EndGlobalSection
	GlobalSection(ProjectConfigurationPlatforms) = postSolution
		{219ED13B-0292-43E6-A6D7-4F8F709F74AA}.Debug|Any CPU.ActiveCfg = Debug|Any CPU
		{219ED13B-0292-43E6-A6D7-4F8F709F74AA}.Debug|Any CPU.Build.0 = Debug|Any CPU
		{219ED13B-0292-43E6-A6D7-4F8F709F74AA}.Debug|x64.ActiveCfg = Debug|Any CPU
		{219ED13B-0292-43E6-A6D7-4F8F709F74AA}.Debug|x64.Build.0 = Debug|Any CPU
		{219ED13B-0292-43E6-A6D7-4F8F709F74AA}.Debug|x86.ActiveCfg = Debug|Any CPU
		{219ED13B-0292-43E6-A6D7-4F8F709F74AA}.Debug|x86.Build.0 = Debug|Any CPU
		{219ED13B-0292-43E6-A6D7-4F8F709F74AA}.Release|Any CPU.ActiveCfg = Release|Any CPU
		{219ED13B-0292-43E6-A6D7-4F8F709F74AA}.Release|Any CPU.Build.0 = Release|Any CPU
		{219ED13B-0292-43E6-A6D7-4F8F709F74AA}.Release|x64.ActiveCfg = Release|Any CPU
		{219ED13B-0292-43E6-A6D7-4F8F709F74AA}.Release|x64.Build.0 = Release|Any CPU
		{219ED13B-0292-43E6-A6D7-4F8F709F74AA}.Release|x86.ActiveCfg = Release|Any CPU
		{219ED13B-0292-43E6-A6D7-4F8F709F74AA}.Release|x86.Build.0 = Release|Any CPU
		{9CC4A0CD-6C1D-41E3-AE03-81C7C4546996}.Debug|Any CPU.ActiveCfg = Debug|Any CPU
		{9CC4A0CD-6C1D-41E3-AE03-81C7C4546996}.Debug|Any CPU.Build.0 = Debug|Any CPU
		{9CC4A0CD-6C1D-41E3-AE03-81C7C4546996}.Debug|x64.ActiveCfg = Debug|Any CPU
		{9CC4A0CD-6C1D-41E3-AE03-81C7C4546996}.Debug|x64.Build.0 = Debug|Any CPU
		{9CC4A0CD-6C1D-41E3-AE03-81C7C4546996}.Debug|x86.ActiveCfg = Debug|Any CPU
		{9CC4A0CD-6C1D-41E3-AE03-81C7C4546996}.Debug|x86.Build.0 = Debug|Any CPU
		{9CC4A0CD-6C1D-41E3-AE03-81C7C4546996}.Release|Any CPU.ActiveCfg = Release|Any CPU
		{9CC4A0CD-6C1D-41E3-AE03-81C7C4546996}.Release|Any CPU.Build.0 = Release|Any CPU
		{9CC4A0CD-6C1D-41E3-AE03-81C7C4546996}.Release|x64.ActiveCfg = Release|Any CPU
		{9CC4A0CD-6C1D-41E3-AE03-81C7C4546996}.Release|x64.Build.0 = Release|Any CPU
		{9CC4A0CD-6C1D-41E3-AE03-81C7C4546996}.Release|x86.ActiveCfg = Release|Any CPU
		{9CC4A0CD-6C1D-41E3-AE03-81C7C4546996}.Release|x86.Build.0 = Release|Any CPU
		{37345102-2A3A-42E7-A063-1A715399C0F1}.Debug|Any CPU.ActiveCfg = Debug|Any CPU
		{37345102-2A3A-42E7-A063-1A715399C0F1}.Debug|Any CPU.Build.0 = Debug|Any CPU
		{37345102-2A3A-42E7-A063-1A715399C0F1}.Debug|x64.ActiveCfg = Debug|Any CPU
		{37345102-2A3A-42E7-A063-1A715399C0F1}.Debug|x64.Build.0 = Debug|Any CPU
		{37345102-2A3A-42E7-A063-1A715399C0F1}.Debug|x86.ActiveCfg = Debug|Any CPU
		{37345102-2A3A-42E7-A063-1A715399C0F1}.Debug|x86.Build.0 = Debug|Any CPU
		{37345102-2A3A-42E7-A063-1A715399C0F1}.Release|Any CPU.ActiveCfg = Release|Any CPU
		{37345102-2A3A-42E7-A063-1A715399C0F1}.Release|Any CPU.Build.0 = Release|Any CPU
		{37345102-2A3A-42E7-A063-1A715399C0F1}.Release|x64.ActiveCfg = Release|Any CPU
		{37345102-2A3A-42E7-A063-1A715399C0F1}.Release|x64.Build.0 = Release|Any CPU
		{37345102-2A3A-42E7-A063-1A715399C0F1}.Release|x86.ActiveCfg = Release|Any CPU
		{37345102-2A3A-42E7-A063-1A715399C0F1}.Release|x86.Build.0 = Release|Any CPU
		{81419D15-26A8-44A1-BF41-E2C859929CF2}.Debug|Any CPU.ActiveCfg = Debug|Any CPU
		{81419D15-26A8-44A1-BF41-E2C859929CF2}.Debug|Any CPU.Build.0 = Debug|Any CPU
		{81419D15-26A8-44A1-BF41-E2C859929CF2}.Debug|x64.ActiveCfg = Debug|Any CPU
		{81419D15-26A8-44A1-BF41-E2C859929CF2}.Debug|x64.Build.0 = Debug|Any CPU
		{81419D15-26A8-44A1-BF41-E2C859929CF2}.Debug|x86.ActiveCfg = Debug|Any CPU
		{81419D15-26A8-44A1-BF41-E2C859929CF2}.Debug|x86.Build.0 = Debug|Any CPU
		{81419D15-26A8-44A1-BF41-E2C859929CF2}.Release|Any CPU.ActiveCfg = Release|Any CPU
		{81419D15-26A8-44A1-BF41-E2C859929CF2}.Release|Any CPU.Build.0 = Release|Any CPU
		{81419D15-26A8-44A1-BF41-E2C859929CF2}.Release|x64.ActiveCfg = Release|Any CPU
		{81419D15-26A8-44A1-BF41-E2C859929CF2}.Release|x64.Build.0 = Release|Any CPU
		{81419D15-26A8-44A1-BF41-E2C859929CF2}.Release|x86.ActiveCfg = Release|Any CPU
		{81419D15-26A8-44A1-BF41-E2C859929CF2}.Release|x86.Build.0 = Release|Any CPU
	EndGlobalSection
	GlobalSection(SolutionProperties) = preSolution
		HideSolutionNode = FALSE
	EndGlobalSection
	GlobalSection(NestedProjects) = preSolution
		{219ED13B-0292-43E6-A6D7-4F8F709F74AA} = {827E0CD3-B72D-47B6-A68D-7590B98EB39B}
		{9CC4A0CD-6C1D-41E3-AE03-81C7C4546996} = {827E0CD3-B72D-47B6-A68D-7590B98EB39B}
		{37345102-2A3A-42E7-A063-1A715399C0F1} = {B36A84DF-456D-A817-6EDD-3EC3E7F6E11F}
		{81419D15-26A8-44A1-BF41-E2C859929CF2} = {0AB3BF05-4346-4AA6-1389-037BE0695223}
	EndGlobalSection
	GlobalSection(ExtensibilityGlobals) = postSolution
		SolutionGuid = {7743C47C-030D-45C6-858E-3836176DBEF9}
	EndGlobalSection
EndGlobal
